
Microsoft Visual Studio Solution File, Format Version 12.00
# Visual Studio Version 16
VisualStudioVersion = 16.0.35425.106
MinimumVisualStudioVersion = 10.0.40219.1
Project("{FAE04EC0-301F-11D3-BF4B-00C04F79EFBC}") = "SerialPortLibrary", "SerialPortLibrary\SerialPortLibrary.csproj", "{D79B8025-5A91-4114-933F-A4A466F7F4C9}"
EndProject
Project("{FAE04EC0-301F-11D3-BF4B-00C04F79EFBC}") = "SerialPortAPI", "SerialPortAPI\SerialPortAPI.csproj", "{29085C48-481C-4FE8-808C-C025F14EBFA7}"
EndProject
Project("{FAE04EC0-301F-11D3-BF4B-00C04F79EFBC}") = "LeiCaMicroscopeAPI", "LeiCaMicroscopeAPI\LeiCaMicroscopeAPI.csproj", "{76EB2BA5-71FB-40A6-98D3-DA0575147681}"
EndProject
Global
	GlobalSection(SolutionConfigurationPlatforms) = preSolution
		Debug|Any CPU = Debug|Any CPU
		Release|Any CPU = Release|Any CPU
	EndGlobalSection
	GlobalSection(ProjectConfigurationPlatforms) = postSolution
		{D79B8025-5A91-4114-933F-A4A466F7F4C9}.Debug|Any CPU.ActiveCfg = Debug|Any CPU
		{D79B8025-5A91-4114-933F-A4A466F7F4C9}.Debug|Any CPU.Build.0 = Debug|Any CPU
		{D79B8025-5A91-4114-933F-A4A466F7F4C9}.Release|Any CPU.ActiveCfg = Release|Any CPU
		{D79B8025-5A91-4114-933F-A4A466F7F4C9}.Release|Any CPU.Build.0 = Release|Any CPU
		{29085C48-481C-4FE8-808C-C025F14EBFA7}.Debug|Any CPU.ActiveCfg = Debug|Any CPU
		{29085C48-481C-4FE8-808C-C025F14EBFA7}.Debug|Any CPU.Build.0 = Debug|Any CPU
		{29085C48-481C-4FE8-808C-C025F14EBFA7}.Release|Any CPU.ActiveCfg = Release|Any CPU
		{29085C48-481C-4FE8-808C-C025F14EBFA7}.Release|Any CPU.Build.0 = Release|Any CPU
		{76EB2BA5-71FB-40A6-98D3-DA0575147681}.Debug|Any CPU.ActiveCfg = Debug|Any CPU
		{76EB2BA5-71FB-40A6-98D3-DA0575147681}.Debug|Any CPU.Build.0 = Debug|Any CPU
		{76EB2BA5-71FB-40A6-98D3-DA0575147681}.Release|Any CPU.ActiveCfg = Release|Any CPU
		{76EB2BA5-71FB-40A6-98D3-DA0575147681}.Release|Any CPU.Build.0 = Release|Any CPU
	EndGlobalSection
	GlobalSection(SolutionProperties) = preSolution
		HideSolutionNode = FALSE
	EndGlobalSection
	GlobalSection(ExtensibilityGlobals) = postSolution
		SolutionGuid = {F0AB92A6-76E8-46EF-B6DB-DC20DDAAA182}
	EndGlobalSection
EndGlobal
